{
  "nodes": {
    "flake-utils": {
      "inputs": {
        "systems": "systems"
      },
      "locked": {
        "lastModified": 1731533236,
        "narHash": "sha256-l0KFg5HjrsfsO/JpG+r7fRrqm12kzFHyUHqHCVpMMbI=",
        "owner": "numtide",
        "repo": "flake-utils",
        "rev": "11707dc2f618dd54ca8739b309ec4fc024de578b",
        "type": "github"
      },
      "original": {
        "owner": "numtide",
        "repo": "flake-utils",
        "type": "github"
      }
    },
    "flake-utils_2": {
      "inputs": {
        "systems": "systems_2"
      },
      "locked": {
        "lastModified": 1731533236,
        "narHash": "sha256-l0KFg5HjrsfsO/JpG+r7fRrqm12kzFHyUHqHCVpMMbI=",
        "owner": "numtide",
        "repo": "flake-utils",
        "rev": "11707dc2f618dd54ca8739b309ec4fc024de578b",
        "type": "github"
      },
      "original": {
        "owner": "numtide",
        "repo": "flake-utils",
        "type": "github"
      }
    },
    "home-manager": {
      "inputs": {
        "nixpkgs": [
          "nixpkgs"
        ]
      },
      "locked": {
        "lastModified": 1761530345,
        "narHash": "sha256-+9+YCK9Lh6GThkXu/8JTxMFUnImIdZpb8ElUh6/F5Y8=",
        "owner": "nix-community",
        "repo": "home-manager",
        "rev": "bbaeb9f1c29e79bb1653b32c3d73244cdf4bd888",
        "type": "github"
      },
      "original": {
        "owner": "nix-community",
        "repo": "home-manager",
        "type": "github"
      }
    },
    "initx": {
      "inputs": {
        "flake-utils": "flake-utils",
        "nixpkgs": "nixpkgs"
      },
      "locked": {
        "lastModified": 1761651597,
        "narHash": "sha256-xvynC+2mAtL964MZ9yaehpOAJJU9omVvdilKQbkzATs=",
        "owner": "tascord",
        "repo": "initx",
        "rev": "7b159d49e80fb640174105b97b9ca94d6b877979",
        "type": "github"
      },
      "original": {
        "owner": "tascord",
        "repo": "initx",
        "type": "github"
      }
    },
    "nixos-hardware": {
      "locked": {
        "lastModified": 1760958188,
        "narHash": "sha256-2m1S4jl+GEDtlt2QqeHil8Ny456dcGSKJAM7q3j/BFU=",
        "owner": "Nixos",
        "repo": "nixos-hardware",
        "rev": "d6645c340ef7d821602fd2cd199e8d1eed10afbc",
        "type": "github"
      },
      "original": {
        "owner": "Nixos",
        "repo": "nixos-hardware",
        "type": "github"
      }
    },
    "nixpkgs": {
      "locked": {
        "lastModified": 1761373498,
        "narHash": "sha256-Q/uhWNvd7V7k1H1ZPMy/vkx3F8C13ZcdrKjO7Jv7v0c=",
        "owner": "nixos",
        "repo": "nixpkgs",
        "rev": "6a08e6bb4e46ff7fcbb53d409b253f6bad8a28ce",
        "type": "github"
      },
      "original": {
        "owner": "nixos",
        "ref": "nixos-unstable",
        "repo": "nixpkgs",
        "type": "github"
      }
    },
    "nixpkgs_2": {
      "locked": {
        "lastModified": 1761373498,
        "narHash": "sha256-Q/uhWNvd7V7k1H1ZPMy/vkx3F8C13ZcdrKjO7Jv7v0c=",
        "owner": "NixOS",
        "repo": "nixpkgs",
        "rev": "6a08e6bb4e46ff7fcbb53d409b253f6bad8a28ce",
        "type": "github"
      },
      "original": {
        "owner": "NixOS",
        "ref": "nixos-unstable",
        "repo": "nixpkgs",
        "type": "github"
      }
    },
    "nixpkgs_3": {
      "locked": {
        "lastModified": 1758690382,
        "narHash": "sha256-NY3kSorgqE5LMm1LqNwGne3ZLMF2/ILgLpFr1fS4X3o=",
        "owner": "NixOS",
        "repo": "nixpkgs",
        "rev": "e643668fd71b949c53f8626614b21ff71a07379d",
        "type": "github"
      },
      "original": {
        "owner": "NixOS",
        "ref": "nixos-unstable",
        "repo": "nixpkgs",
        "type": "github"
      }
    },
    "nixpkgs_4": {
      "locked": {
        "lastModified": 1759831965,
        "narHash": "sha256-vgPm2xjOmKdZ0xKA6yLXPJpjOtQPHfaZDRtH+47XEBo=",
        "owner": "nixos",
        "repo": "nixpkgs",
        "rev": "c9b6fb798541223bbb396d287d16f43520250518",
        "type": "github"
      },
      "original": {
        "owner": "nixos",
        "ref": "nixos-unstable",
        "repo": "nixpkgs",
        "type": "github"
      }
    },
    "plymouth-theme": {
      "inputs": {
        "nixpkgs": "nixpkgs_3"
      },
      "locked": {
        "lastModified": 1759132726,
        "narHash": "sha256-R0BGtCVRwSQzcXTwt0x4YLK/oqOMZ5Y5/NUrxZun7tI=",
        "path": "/home/flora/dots/flakes/plymouth-theme-custom",
        "type": "path"
      },
      "original": {
        "path": "/home/flora/dots/flakes/plymouth-theme-custom",
        "type": "path"
      }
    },
    "root": {
      "inputs": {
        "home-manager": "home-manager",
        "initx": "initx",
        "nixos-hardware": "nixos-hardware",
        "nixpkgs": "nixpkgs_2",
        "plymouth-theme": "plymouth-theme",
        "vicinae": "vicinae",
        "zen-browser": "zen-browser"
      }
    },
    "systems": {
      "locked": {
        "lastModified": 1681028828,
        "narHash": "sha256-Vy1rq5AaRuLzOxct8nz4T6wlgyUR7zLU309k9mBC768=",
        "owner": "nix-systems",
        "repo": "default",
        "rev": "da67096a3b9bf56a91d16901293e51ba5b49a27e",
        "type": "github"
      },
      "original": {
        "owner": "nix-systems",
        "repo": "default",
        "type": "github"
      }
    },
    "systems_2": {
      "locked": {
        "lastModified": 1681028828,
        "narHash": "sha256-Vy1rq5AaRuLzOxct8nz4T6wlgyUR7zLU309k9mBC768=",
        "owner": "nix-systems",
        "repo": "default",
        "rev": "da67096a3b9bf56a91d16901293e51ba5b49a27e",
        "type": "github"
      },
      "original": {
        "owner": "nix-systems",
        "repo": "default",
        "type": "github"
      }
    },
    "vicinae": {
      "inputs": {
        "flake-utils": "flake-utils_2",
        "nixpkgs": [
          "nixpkgs"
        ]
      },
      "locked": {
        "lastModified": 1761603305,
        "narHash": "sha256-VmY9fOBN/UcbYrDgWDTLXrPTZGJ7CGBkkGO6Q24zMcA=",
        "owner": "vicinaehq",
        "repo": "vicinae",
        "rev": "0d8c3144ecfee4cd473f7836b23fa7dccb587ebf",
        "type": "github"
      },
      "original": {
        "owner": "vicinaehq",
        "repo": "vicinae",
        "type": "github"
      }
    },
    "zen-browser": {
      "inputs": {
        "nixpkgs": "nixpkgs_4"
      },
      "locked": {
        "lastModified": 1761044688,
        "narHash": "sha256-J6fNt7Kv6PuZ8ZXYxcCKxFbdWqcQegg3UNdGeOm3Rj8=",
        "owner": "tascord",
        "repo": "zen-nix",
        "rev": "283fbf5d5ad287d5d15c7ab051937db0c1774028",
        "type": "github"
      },
      "original": {
        "owner": "tascord",
        "repo": "zen-nix",
        "type": "github"
      }
    }
  },
  "root": "root",
  "version": 7
}
